
Microsoft Visual Studio Solution File, Format Version 12.00
# Visual Studio Version 17
VisualStudioVersion = 17.10.35013.160
MinimumVisualStudioVersion = 10.0.40219.1
Project("{FAE04EC0-301F-11D3-BF4B-00C04F79EFBC}") = "Timeclock", "..\Timeclock\Timeclock.csproj", "{F4767A0C-BBEF-4907-B78A-A4BD4D73EB82}"
EndProject
Project("{FAE04EC0-301F-11D3-BF4B-00C04F79EFBC}") = "test", "..\test\test.csproj", "{208D3F49-DA4B-4544-ABA4-E01C5DCE61DC}"
EndProject
Project("{FAE04EC0-301F-11D3-BF4B-00C04F79EFBC}") = "students", "..\students\students.csproj", "{DD9DA144-A926-482B-A1D6-B95B28BB451A}"
EndProject
Project("{FAE04EC0-301F-11D3-BF4B-00C04F79EFBC}") = "Orderingfood", "..\Orderingfood\Orderingfood.csproj", "{D3AD04DF-1E5B-4F1D-B28F-50AA0B0A1D02}"
EndProject
Project("{9A19103F-16F7-4668-BE54-9A1E7A4F7556}") = "learning", "..\learning\learning.csproj", "{7FA71DFD-EC55-4542-BF40-B4108589B89F}"
EndProject
Project("{FAE04EC0-301F-11D3-BF4B-00C04F79EFBC}") = "guest", "..\guest\guest.csproj", "{EA9D02F0-7CB1-4CEE-9EF5-977990492BC0}"
EndProject
Project("{FAE04EC0-301F-11D3-BF4B-00C04F79EFBC}") = "College", "..\College\College.csproj", "{6E717AE8-1441-4869-8C60-17E529D02A63}"
EndProject
Project("{FAE04EC0-301F-11D3-BF4B-00C04F79EFBC}") = "ClassesExam", "..\ClassesExam\ClassesExam.csproj", "{5B0F3087-8AAE-405A-9F17-716852390D98}"
EndProject
Project("{FAE04EC0-301F-11D3-BF4B-00C04F79EFBC}") = "amod bereshot herebim", "..\amod bereshot herebim\amod bereshot herebim.csproj", "{39802684-01E3-4D69-BE1B-128393E13F9B}"
EndProject
Project("{2150E333-8FDC-42A3-9474-1A3956D46DE8}") = "NewFolder1", "NewFolder1", "{0A54D76C-F676-4302-8133-64E433C70E1F}"
EndProject
Project("{FAE04EC0-301F-11D3-BF4B-00C04F79EFBC}") = "Xmlfirstproject", "..\Xmlfirstproject\Xmlfirstproject.csproj", "{2BE50E33-9780-4189-AD21-2236D7F221EC}"
EndProject
Project("{FAE04EC0-301F-11D3-BF4B-00C04F79EFBC}") = "xmllearning", "..\xmllearning\xmllearning.csproj", "{7FB95DE8-ABF0-4E8B-8353-836F18E9F082}"
EndProject
Project("{FAE04EC0-301F-11D3-BF4B-00C04F79EFBC}") = "VendingMachine", "..\VendingMachine\VendingMachine.csproj", "{B83414F2-9DAD-401F-82CB-6569D95E1F4F}"
EndProject
Project("{FAE04EC0-301F-11D3-BF4B-00C04F79EFBC}") = "Xmlbasic", "..\Xmlbasic\Xmlbasic.csproj", "{12A76437-5382-430F-82F6-15AC314A8A31}"
EndProject
Project("{FAE04EC0-301F-11D3-BF4B-00C04F79EFBC}") = "Hebrewdate", "..\Hebrewdate\Hebrewdate.csproj", "{AE35B09D-522D-4A98-A7D9-BB7F62BABD7C}"
EndProject
Global
	GlobalSection(SolutionConfigurationPlatforms) = preSolution
		Debug|Any CPU = Debug|Any CPU
		Release|Any CPU = Release|Any CPU
	EndGlobalSection
	GlobalSection(ProjectConfigurationPlatforms) = postSolution
		{F4767A0C-BBEF-4907-B78A-A4BD4D73EB82}.Debug|Any CPU.ActiveCfg = Debug|Any CPU
		{F4767A0C-BBEF-4907-B78A-A4BD4D73EB82}.Debug|Any CPU.Build.0 = Debug|Any CPU
		{F4767A0C-BBEF-4907-B78A-A4BD4D73EB82}.Release|Any CPU.ActiveCfg = Release|Any CPU
		{F4767A0C-BBEF-4907-B78A-A4BD4D73EB82}.Release|Any CPU.Build.0 = Release|Any CPU
		{208D3F49-DA4B-4544-ABA4-E01C5DCE61DC}.Debug|Any CPU.ActiveCfg = Debug|Any CPU
		{208D3F49-DA4B-4544-ABA4-E01C5DCE61DC}.Debug|Any CPU.Build.0 = Debug|Any CPU
		{208D3F49-DA4B-4544-ABA4-E01C5DCE61DC}.Release|Any CPU.ActiveCfg = Release|Any CPU
		{208D3F49-DA4B-4544-ABA4-E01C5DCE61DC}.Release|Any CPU.Build.0 = Release|Any CPU
		{DD9DA144-A926-482B-A1D6-B95B28BB451A}.Debug|Any CPU.ActiveCfg = Debug|Any CPU
		{DD9DA144-A926-482B-A1D6-B95B28BB451A}.Debug|Any CPU.Build.0 = Debug|Any CPU
		{DD9DA144-A926-482B-A1D6-B95B28BB451A}.Release|Any CPU.ActiveCfg = Release|Any CPU
		{DD9DA144-A926-482B-A1D6-B95B28BB451A}.Release|Any CPU.Build.0 = Release|Any CPU
		{D3AD04DF-1E5B-4F1D-B28F-50AA0B0A1D02}.Debug|Any CPU.ActiveCfg = Debug|Any CPU
		{D3AD04DF-1E5B-4F1D-B28F-50AA0B0A1D02}.Debug|Any CPU.Build.0 = Debug|Any CPU
		{D3AD04DF-1E5B-4F1D-B28F-50AA0B0A1D02}.Release|Any CPU.ActiveCfg = Release|Any CPU
		{D3AD04DF-1E5B-4F1D-B28F-50AA0B0A1D02}.Release|Any CPU.Build.0 = Release|Any CPU
		{7FA71DFD-EC55-4542-BF40-B4108589B89F}.Debug|Any CPU.ActiveCfg = Debug|Any CPU
		{7FA71DFD-EC55-4542-BF40-B4108589B89F}.Debug|Any CPU.Build.0 = Debug|Any CPU
		{7FA71DFD-EC55-4542-BF40-B4108589B89F}.Release|Any CPU.ActiveCfg = Release|Any CPU
		{7FA71DFD-EC55-4542-BF40-B4108589B89F}.Release|Any CPU.Build.0 = Release|Any CPU
		{EA9D02F0-7CB1-4CEE-9EF5-977990492BC0}.Debug|Any CPU.ActiveCfg = Debug|Any CPU
		{EA9D02F0-7CB1-4CEE-9EF5-977990492BC0}.Debug|Any CPU.Build.0 = Debug|Any CPU
		{EA9D02F0-7CB1-4CEE-9EF5-977990492BC0}.Release|Any CPU.ActiveCfg = Release|Any CPU
		{EA9D02F0-7CB1-4CEE-9EF5-977990492BC0}.Release|Any CPU.Build.0 = Release|Any CPU
		{6E717AE8-1441-4869-8C60-17E529D02A63}.Debug|Any CPU.ActiveCfg = Debug|Any CPU
		{6E717AE8-1441-4869-8C60-17E529D02A63}.Debug|Any CPU.Build.0 = Debug|Any CPU
		{6E717AE8-1441-4869-8C60-17E529D02A63}.Release|Any CPU.ActiveCfg = Release|Any CPU
		{6E717AE8-1441-4869-8C60-17E529D02A63}.Release|Any CPU.Build.0 = Release|Any CPU
		{5B0F3087-8AAE-405A-9F17-716852390D98}.Debug|Any CPU.ActiveCfg = Debug|Any CPU
		{5B0F3087-8AAE-405A-9F17-716852390D98}.Debug|Any CPU.Build.0 = Debug|Any CPU
		{5B0F3087-8AAE-405A-9F17-716852390D98}.Release|Any CPU.ActiveCfg = Release|Any CPU
		{5B0F3087-8AAE-405A-9F17-716852390D98}.Release|Any CPU.Build.0 = Release|Any CPU
		{39802684-01E3-4D69-BE1B-128393E13F9B}.Debug|Any CPU.ActiveCfg = Debug|Any CPU
		{39802684-01E3-4D69-BE1B-128393E13F9B}.Debug|Any CPU.Build.0 = Debug|Any CPU
		{39802684-01E3-4D69-BE1B-128393E13F9B}.Release|Any CPU.ActiveCfg = Release|Any CPU
		{39802684-01E3-4D69-BE1B-128393E13F9B}.Release|Any CPU.Build.0 = Release|Any CPU
		{2BE50E33-9780-4189-AD21-2236D7F221EC}.Debug|Any CPU.ActiveCfg = Debug|Any CPU
		{2BE50E33-9780-4189-AD21-2236D7F221EC}.Debug|Any CPU.Build.0 = Debug|Any CPU
		{2BE50E33-9780-4189-AD21-2236D7F221EC}.Release|Any CPU.ActiveCfg = Release|Any CPU
		{2BE50E33-9780-4189-AD21-2236D7F221EC}.Release|Any CPU.Build.0 = Release|Any CPU
		{7FB95DE8-ABF0-4E8B-8353-836F18E9F082}.Debug|Any CPU.ActiveCfg = Debug|Any CPU
		{7FB95DE8-ABF0-4E8B-8353-836F18E9F082}.Debug|Any CPU.Build.0 = Debug|Any CPU
		{7FB95DE8-ABF0-4E8B-8353-836F18E9F082}.Release|Any CPU.ActiveCfg = Release|Any CPU
		{7FB95DE8-ABF0-4E8B-8353-836F18E9F082}.Release|Any CPU.Build.0 = Release|Any CPU
		{B83414F2-9DAD-401F-82CB-6569D95E1F4F}.Debug|Any CPU.ActiveCfg = Debug|Any CPU
		{B83414F2-9DAD-401F-82CB-6569D95E1F4F}.Debug|Any CPU.Build.0 = Debug|Any CPU
		{B83414F2-9DAD-401F-82CB-6569D95E1F4F}.Release|Any CPU.ActiveCfg = Release|Any CPU
		{B83414F2-9DAD-401F-82CB-6569D95E1F4F}.Release|Any CPU.Build.0 = Release|Any CPU
		{12A76437-5382-430F-82F6-15AC314A8A31}.Debug|Any CPU.ActiveCfg = Debug|Any CPU
		{12A76437-5382-430F-82F6-15AC314A8A31}.Debug|Any CPU.Build.0 = Debug|Any CPU
		{12A76437-5382-430F-82F6-15AC314A8A31}.Release|Any CPU.ActiveCfg = Release|Any CPU
		{12A76437-5382-430F-82F6-15AC314A8A31}.Release|Any CPU.Build.0 = Release|Any CPU
		{AE35B09D-522D-4A98-A7D9-BB7F62BABD7C}.Debug|Any CPU.ActiveCfg = Debug|Any CPU
		{AE35B09D-522D-4A98-A7D9-BB7F62BABD7C}.Debug|Any CPU.Build.0 = Debug|Any CPU
		{AE35B09D-522D-4A98-A7D9-BB7F62BABD7C}.Release|Any CPU.ActiveCfg = Release|Any CPU
		{AE35B09D-522D-4A98-A7D9-BB7F62BABD7C}.Release|Any CPU.Build.0 = Release|Any CPU
	EndGlobalSection
	GlobalSection(SolutionProperties) = preSolution
		HideSolutionNode = FALSE
	EndGlobalSection
	GlobalSection(NestedProjects) = preSolution
		{F4767A0C-BBEF-4907-B78A-A4BD4D73EB82} = {0A54D76C-F676-4302-8133-64E433C70E1F}
		{208D3F49-DA4B-4544-ABA4-E01C5DCE61DC} = {0A54D76C-F676-4302-8133-64E433C70E1F}
		{DD9DA144-A926-482B-A1D6-B95B28BB451A} = {0A54D76C-F676-4302-8133-64E433C70E1F}
		{D3AD04DF-1E5B-4F1D-B28F-50AA0B0A1D02} = {0A54D76C-F676-4302-8133-64E433C70E1F}
		{7FA71DFD-EC55-4542-BF40-B4108589B89F} = {0A54D76C-F676-4302-8133-64E433C70E1F}
		{EA9D02F0-7CB1-4CEE-9EF5-977990492BC0} = {0A54D76C-F676-4302-8133-64E433C70E1F}
		{6E717AE8-1441-4869-8C60-17E529D02A63} = {0A54D76C-F676-4302-8133-64E433C70E1F}
		{5B0F3087-8AAE-405A-9F17-716852390D98} = {0A54D76C-F676-4302-8133-64E433C70E1F}
		{39802684-01E3-4D69-BE1B-128393E13F9B} = {0A54D76C-F676-4302-8133-64E433C70E1F}
		{2BE50E33-9780-4189-AD21-2236D7F221EC} = {0A54D76C-F676-4302-8133-64E433C70E1F}
		{7FB95DE8-ABF0-4E8B-8353-836F18E9F082} = {0A54D76C-F676-4302-8133-64E433C70E1F}
	EndGlobalSection
	GlobalSection(ExtensibilityGlobals) = postSolution
		SolutionGuid = {46B8B185-8B3E-4B6B-A4B3-EA04D6D1EECD}
	EndGlobalSection
EndGlobal
