
Microsoft Visual Studio Solution File, Format Version 12.00
# Visual Studio Version 17
VisualStudioVersion = 17.10.35013.160
MinimumVisualStudioVersion = 10.0.40219.1
Project("{FAE04EC0-301F-11D3-BF4B-00C04F79EFBC}") = "Timeclock", "Timeclock.csproj", "{F4767A0C-BBEF-4907-B78A-A4BD4D73EB82}"
EndProject
Project("{FAE04EC0-301F-11D3-BF4B-00C04F79EFBC}") = "ClassesExam", "..\ClassesExam\ClassesExam.csproj", "{5B0F3087-8AAE-405A-9F17-716852390D98}"
EndProject
Project("{FAE04EC0-301F-11D3-BF4B-00C04F79EFBC}") = "test", "..\test\test.csproj", "{208D3F49-DA4B-4544-ABA4-E01C5DCE61DC}"
EndProject
Project("{FAE04EC0-301F-11D3-BF4B-00C04F79EFBC}") = "learning", "..\learning\learning.csproj", "{A007C24F-1730-4294-A242-DB8DC04CAA24}"
EndProject
Global
	GlobalSection(SolutionConfigurationPlatforms) = preSolution
		Debug|Any CPU = Debug|Any CPU
		Release|Any CPU = Release|Any CPU
	EndGlobalSection
	GlobalSection(ProjectConfigurationPlatforms) = postSolution
		{F4767A0C-BBEF-4907-B78A-A4BD4D73EB82}.Debug|Any CPU.ActiveCfg = Debug|Any CPU
		{F4767A0C-BBEF-4907-B78A-A4BD4D73EB82}.Debug|Any CPU.Build.0 = Debug|Any CPU
		{F4767A0C-BBEF-4907-B78A-A4BD4D73EB82}.Release|Any CPU.ActiveCfg = Release|Any CPU
		{F4767A0C-BBEF-4907-B78A-A4BD4D73EB82}.Release|Any CPU.Build.0 = Release|Any CPU
		{5B0F3087-8AAE-405A-9F17-716852390D98}.Debug|Any CPU.ActiveCfg = Debug|Any CPU
		{5B0F3087-8AAE-405A-9F17-716852390D98}.Debug|Any CPU.Build.0 = Debug|Any CPU
		{5B0F3087-8AAE-405A-9F17-716852390D98}.Release|Any CPU.ActiveCfg = Release|Any CPU
		{5B0F3087-8AAE-405A-9F17-716852390D98}.Release|Any CPU.Build.0 = Release|Any CPU
		{208D3F49-DA4B-4544-ABA4-E01C5DCE61DC}.Debug|Any CPU.ActiveCfg = Debug|Any CPU
		{208D3F49-DA4B-4544-ABA4-E01C5DCE61DC}.Debug|Any CPU.Build.0 = Debug|Any CPU
		{208D3F49-DA4B-4544-ABA4-E01C5DCE61DC}.Release|Any CPU.ActiveCfg = Release|Any CPU
		{208D3F49-DA4B-4544-ABA4-E01C5DCE61DC}.Release|Any CPU.Build.0 = Release|Any CPU
		{A007C24F-1730-4294-A242-DB8DC04CAA24}.Debug|Any CPU.ActiveCfg = Debug|Any CPU
		{A007C24F-1730-4294-A242-DB8DC04CAA24}.Debug|Any CPU.Build.0 = Debug|Any CPU
		{A007C24F-1730-4294-A242-DB8DC04CAA24}.Release|Any CPU.ActiveCfg = Release|Any CPU
		{A007C24F-1730-4294-A242-DB8DC04CAA24}.Release|Any CPU.Build.0 = Release|Any CPU
	EndGlobalSection
	GlobalSection(SolutionProperties) = preSolution
		HideSolutionNode = FALSE
	EndGlobalSection
	GlobalSection(ExtensibilityGlobals) = postSolution
		SolutionGuid = {AD08BC12-6CBD-4800-A0DB-680496AC1328}
	EndGlobalSection
EndGlobal
